
Microsoft Visual Studio Solution File, Format Version 12.00
# Visual Studio 15
VisualStudioVersion = 15.0.27004.2006
MinimumVisualStudioVersion = 10.0.40219.1
Project("{8BC9CEB8-8B4A-11D0-8D11-00A0C91BC942}") = "hello_world", "hello_world\hello_world.vcxproj", "{96DA1A96-653D-46A4-90EC-664C53EB6459}"
EndProject
Project("{8BC9CEB8-8B4A-11D0-8D11-00A0C91BC942}") = "derivatives", "derivatives\derivatives.vcxproj", "{C1F2A8CA-6E8C-43F7-A784-66557D38734E}"
EndProject
Project("{8BC9CEB8-8B4A-11D0-8D11-00A0C91BC942}") = "powell-s-function", "powell-s-function\powell-s-function.vcxproj", "{1AE4783C-1093-4AE6-87A9-A80E166E3754}"
EndProject
Global
	GlobalSection(SolutionConfigurationPlatforms) = preSolution
		Debug|x64 = Debug|x64
		Debug|x86 = Debug|x86
		Release|x64 = Release|x64
		Release|x86 = Release|x86
	EndGlobalSection
	GlobalSection(ProjectConfigurationPlatforms) = postSolution
		{96DA1A96-653D-46A4-90EC-664C53EB6459}.Debug|x64.ActiveCfg = Debug|x64
		{96DA1A96-653D-46A4-90EC-664C53EB6459}.Debug|x64.Build.0 = Debug|x64
		{96DA1A96-653D-46A4-90EC-664C53EB6459}.Debug|x86.ActiveCfg = Debug|Win32
		{96DA1A96-653D-46A4-90EC-664C53EB6459}.Debug|x86.Build.0 = Debug|Win32
		{96DA1A96-653D-46A4-90EC-664C53EB6459}.Release|x64.ActiveCfg = Release|x64
		{96DA1A96-653D-46A4-90EC-664C53EB6459}.Release|x64.Build.0 = Release|x64
		{96DA1A96-653D-46A4-90EC-664C53EB6459}.Release|x86.ActiveCfg = Release|Win32
		{96DA1A96-653D-46A4-90EC-664C53EB6459}.Release|x86.Build.0 = Release|Win32
		{C1F2A8CA-6E8C-43F7-A784-66557D38734E}.Debug|x64.ActiveCfg = Debug|x64
		{C1F2A8CA-6E8C-43F7-A784-66557D38734E}.Debug|x64.Build.0 = Debug|x64
		{C1F2A8CA-6E8C-43F7-A784-66557D38734E}.Debug|x86.ActiveCfg = Debug|Win32
		{C1F2A8CA-6E8C-43F7-A784-66557D38734E}.Debug|x86.Build.0 = Debug|Win32
		{C1F2A8CA-6E8C-43F7-A784-66557D38734E}.Release|x64.ActiveCfg = Release|x64
		{C1F2A8CA-6E8C-43F7-A784-66557D38734E}.Release|x64.Build.0 = Release|x64
		{C1F2A8CA-6E8C-43F7-A784-66557D38734E}.Release|x86.ActiveCfg = Release|Win32
		{C1F2A8CA-6E8C-43F7-A784-66557D38734E}.Release|x86.Build.0 = Release|Win32
		{1AE4783C-1093-4AE6-87A9-A80E166E3754}.Debug|x64.ActiveCfg = Debug|x64
		{1AE4783C-1093-4AE6-87A9-A80E166E3754}.Debug|x64.Build.0 = Debug|x64
		{1AE4783C-1093-4AE6-87A9-A80E166E3754}.Debug|x86.ActiveCfg = Debug|Win32
		{1AE4783C-1093-4AE6-87A9-A80E166E3754}.Debug|x86.Build.0 = Debug|Win32
		{1AE4783C-1093-4AE6-87A9-A80E166E3754}.Release|x64.ActiveCfg = Release|x64
		{1AE4783C-1093-4AE6-87A9-A80E166E3754}.Release|x64.Build.0 = Release|x64
		{1AE4783C-1093-4AE6-87A9-A80E166E3754}.Release|x86.ActiveCfg = Release|Win32
		{1AE4783C-1093-4AE6-87A9-A80E166E3754}.Release|x86.Build.0 = Release|Win32
	EndGlobalSection
	GlobalSection(SolutionProperties) = preSolution
		HideSolutionNode = FALSE
	EndGlobalSection
	GlobalSection(ExtensibilityGlobals) = postSolution
		SolutionGuid = {A693996A-3694-40F7-8A86-B75C0B6BF247}
	EndGlobalSection
EndGlobal
