
Microsoft Visual Studio Solution File, Format Version 12.00
# Visual Studio 15
VisualStudioVersion = 15.0.27130.2020
MinimumVisualStudioVersion = 10.0.40219.1
Project("{8BC9CEB8-8B4A-11D0-8D11-00A0C91BC942}") = "matrix_transform", "matrix_transform\matrix_transform.vcxproj", "{AC2AB010-5F41-45A0-8050-36F4689A8CB2}"
EndProject
Project("{8BC9CEB8-8B4A-11D0-8D11-00A0C91BC942}") = "interactive_icp", "interactive_icp\interactive_icp.vcxproj", "{24E3F88D-1974-4760-9F81-65CA02412AE2}"
EndProject
Project("{8BC9CEB8-8B4A-11D0-8D11-00A0C91BC942}") = "interactive_icp_from_depth_images", "interactive_icp_from_depth_images\interactive_icp_from_depth_images.vcxproj", "{72BA53B0-06F5-4199-983B-4DC8D51E2CEF}"
EndProject
Project("{8BC9CEB8-8B4A-11D0-8D11-00A0C91BC942}") = "depth_to_point_clouds", "depth_to_point_clouds\depth_to_point_clouds.vcxproj", "{DE4F39CD-E0F5-4B21-91BA-71A6E3C01E1A}"
EndProject
Project("{8BC9CEB8-8B4A-11D0-8D11-00A0C91BC942}") = "extract_plane_from_pointclouds", "extract_plane_from_pointclouds\extract_plane_from_pointclouds.vcxproj", "{173EB9BD-9D91-44E5-8952-8D575A3BF38C}"
EndProject
Project("{8BC9CEB8-8B4A-11D0-8D11-00A0C91BC942}") = "load_obj_file_in_high_res", "load_obj_file_in_high_res\load_obj_file_in_high_res.vcxproj", "{F17E9763-F337-4E7E-8AA6-F99E00A4E772}"
EndProject
Project("{8BC9CEB8-8B4A-11D0-8D11-00A0C91BC942}") = "pairwise_incremental_registration", "pairwise_incremental_registration\pairwise_incremental_registration.vcxproj", "{9A47A30D-994E-4AFD-9998-73AD085AE10B}"
EndProject
Project("{8BC9CEB8-8B4A-11D0-8D11-00A0C91BC942}") = "pcd_viewer", "pcd_viewer\pcd_viewer.vcxproj", "{2E6222FE-3DD1-4ABC-9F0A-D06834C2FF38}"
EndProject
Project("{8BC9CEB8-8B4A-11D0-8D11-00A0C91BC942}") = "elch", "elch\elch.vcxproj", "{E1F3E183-7E4F-4BE9-9804-F622CE5C8D21}"
EndProject
Project("{8BC9CEB8-8B4A-11D0-8D11-00A0C91BC942}") = "generate_depth_maps", "generate_depth_maps\generate_depth_maps.vcxproj", "{9A0D79FF-4D15-4A73-83E6-A920B1C4AFED}"
EndProject
Project("{8BC9CEB8-8B4A-11D0-8D11-00A0C91BC942}") = "draw_correspondences", "draw_correspondences\draw_correspondences.vcxproj", "{7BB6E3AD-FABF-4188-8D2B-A515BE7EE9E7}"
EndProject
Project("{8BC9CEB8-8B4A-11D0-8D11-00A0C91BC942}") = "generate_depth_map_from_scan", "generate_depth_map_from_scan\generate_depth_map_from_scan.vcxproj", "{F4F62661-41AC-4501-894B-480101C2FC30}"
EndProject
Project("{8BC9CEB8-8B4A-11D0-8D11-00A0C91BC942}") = "draw_uv_space_correspondences", "draw_uv_space_correspondences\draw_uv_space_correspondences.vcxproj", "{A844F69E-9767-4639-9467-4DFC6FD4FE57}"
EndProject
Project("{8BC9CEB8-8B4A-11D0-8D11-00A0C91BC942}") = "visualizer_renderView", "visualizer_renderView\visualizer_renderView.vcxproj", "{E3D0B6E2-4152-4D3C-B814-A1AE751DA50B}"
EndProject
Global
	GlobalSection(SolutionConfigurationPlatforms) = preSolution
		Debug|x64 = Debug|x64
		Debug|x86 = Debug|x86
		Release|x64 = Release|x64
		Release|x86 = Release|x86
	EndGlobalSection
	GlobalSection(ProjectConfigurationPlatforms) = postSolution
		{AC2AB010-5F41-45A0-8050-36F4689A8CB2}.Debug|x64.ActiveCfg = Debug|x64
		{AC2AB010-5F41-45A0-8050-36F4689A8CB2}.Debug|x64.Build.0 = Debug|x64
		{AC2AB010-5F41-45A0-8050-36F4689A8CB2}.Debug|x86.ActiveCfg = Debug|Win32
		{AC2AB010-5F41-45A0-8050-36F4689A8CB2}.Debug|x86.Build.0 = Debug|Win32
		{AC2AB010-5F41-45A0-8050-36F4689A8CB2}.Release|x64.ActiveCfg = Release|x64
		{AC2AB010-5F41-45A0-8050-36F4689A8CB2}.Release|x64.Build.0 = Release|x64
		{AC2AB010-5F41-45A0-8050-36F4689A8CB2}.Release|x86.ActiveCfg = Release|Win32
		{AC2AB010-5F41-45A0-8050-36F4689A8CB2}.Release|x86.Build.0 = Release|Win32
		{24E3F88D-1974-4760-9F81-65CA02412AE2}.Debug|x64.ActiveCfg = Debug|x64
		{24E3F88D-1974-4760-9F81-65CA02412AE2}.Debug|x64.Build.0 = Debug|x64
		{24E3F88D-1974-4760-9F81-65CA02412AE2}.Debug|x86.ActiveCfg = Debug|Win32
		{24E3F88D-1974-4760-9F81-65CA02412AE2}.Debug|x86.Build.0 = Debug|Win32
		{24E3F88D-1974-4760-9F81-65CA02412AE2}.Release|x64.ActiveCfg = Release|x64
		{24E3F88D-1974-4760-9F81-65CA02412AE2}.Release|x64.Build.0 = Release|x64
		{24E3F88D-1974-4760-9F81-65CA02412AE2}.Release|x86.ActiveCfg = Release|Win32
		{24E3F88D-1974-4760-9F81-65CA02412AE2}.Release|x86.Build.0 = Release|Win32
		{72BA53B0-06F5-4199-983B-4DC8D51E2CEF}.Debug|x64.ActiveCfg = Debug|x64
		{72BA53B0-06F5-4199-983B-4DC8D51E2CEF}.Debug|x64.Build.0 = Debug|x64
		{72BA53B0-06F5-4199-983B-4DC8D51E2CEF}.Debug|x86.ActiveCfg = Debug|Win32
		{72BA53B0-06F5-4199-983B-4DC8D51E2CEF}.Debug|x86.Build.0 = Debug|Win32
		{72BA53B0-06F5-4199-983B-4DC8D51E2CEF}.Release|x64.ActiveCfg = Release|x64
		{72BA53B0-06F5-4199-983B-4DC8D51E2CEF}.Release|x64.Build.0 = Release|x64
		{72BA53B0-06F5-4199-983B-4DC8D51E2CEF}.Release|x86.ActiveCfg = Release|Win32
		{72BA53B0-06F5-4199-983B-4DC8D51E2CEF}.Release|x86.Build.0 = Release|Win32
		{DE4F39CD-E0F5-4B21-91BA-71A6E3C01E1A}.Debug|x64.ActiveCfg = Debug|x64
		{DE4F39CD-E0F5-4B21-91BA-71A6E3C01E1A}.Debug|x64.Build.0 = Debug|x64
		{DE4F39CD-E0F5-4B21-91BA-71A6E3C01E1A}.Debug|x86.ActiveCfg = Debug|Win32
		{DE4F39CD-E0F5-4B21-91BA-71A6E3C01E1A}.Debug|x86.Build.0 = Debug|Win32
		{DE4F39CD-E0F5-4B21-91BA-71A6E3C01E1A}.Release|x64.ActiveCfg = Release|x64
		{DE4F39CD-E0F5-4B21-91BA-71A6E3C01E1A}.Release|x64.Build.0 = Release|x64
		{DE4F39CD-E0F5-4B21-91BA-71A6E3C01E1A}.Release|x86.ActiveCfg = Release|Win32
		{DE4F39CD-E0F5-4B21-91BA-71A6E3C01E1A}.Release|x86.Build.0 = Release|Win32
		{173EB9BD-9D91-44E5-8952-8D575A3BF38C}.Debug|x64.ActiveCfg = Debug|x64
		{173EB9BD-9D91-44E5-8952-8D575A3BF38C}.Debug|x64.Build.0 = Debug|x64
		{173EB9BD-9D91-44E5-8952-8D575A3BF38C}.Debug|x86.ActiveCfg = Debug|Win32
		{173EB9BD-9D91-44E5-8952-8D575A3BF38C}.Debug|x86.Build.0 = Debug|Win32
		{173EB9BD-9D91-44E5-8952-8D575A3BF38C}.Release|x64.ActiveCfg = Release|x64
		{173EB9BD-9D91-44E5-8952-8D575A3BF38C}.Release|x64.Build.0 = Release|x64
		{173EB9BD-9D91-44E5-8952-8D575A3BF38C}.Release|x86.ActiveCfg = Release|Win32
		{173EB9BD-9D91-44E5-8952-8D575A3BF38C}.Release|x86.Build.0 = Release|Win32
		{F17E9763-F337-4E7E-8AA6-F99E00A4E772}.Debug|x64.ActiveCfg = Debug|x64
		{F17E9763-F337-4E7E-8AA6-F99E00A4E772}.Debug|x64.Build.0 = Debug|x64
		{F17E9763-F337-4E7E-8AA6-F99E00A4E772}.Debug|x86.ActiveCfg = Debug|Win32
		{F17E9763-F337-4E7E-8AA6-F99E00A4E772}.Debug|x86.Build.0 = Debug|Win32
		{F17E9763-F337-4E7E-8AA6-F99E00A4E772}.Release|x64.ActiveCfg = Release|x64
		{F17E9763-F337-4E7E-8AA6-F99E00A4E772}.Release|x64.Build.0 = Release|x64
		{F17E9763-F337-4E7E-8AA6-F99E00A4E772}.Release|x86.ActiveCfg = Release|Win32
		{F17E9763-F337-4E7E-8AA6-F99E00A4E772}.Release|x86.Build.0 = Release|Win32
		{9A47A30D-994E-4AFD-9998-73AD085AE10B}.Debug|x64.ActiveCfg = Debug|x64
		{9A47A30D-994E-4AFD-9998-73AD085AE10B}.Debug|x64.Build.0 = Debug|x64
		{9A47A30D-994E-4AFD-9998-73AD085AE10B}.Debug|x86.ActiveCfg = Debug|Win32
		{9A47A30D-994E-4AFD-9998-73AD085AE10B}.Debug|x86.Build.0 = Debug|Win32
		{9A47A30D-994E-4AFD-9998-73AD085AE10B}.Release|x64.ActiveCfg = Release|x64
		{9A47A30D-994E-4AFD-9998-73AD085AE10B}.Release|x64.Build.0 = Release|x64
		{9A47A30D-994E-4AFD-9998-73AD085AE10B}.Release|x86.ActiveCfg = Release|Win32
		{9A47A30D-994E-4AFD-9998-73AD085AE10B}.Release|x86.Build.0 = Release|Win32
		{2E6222FE-3DD1-4ABC-9F0A-D06834C2FF38}.Debug|x64.ActiveCfg = Debug|x64
		{2E6222FE-3DD1-4ABC-9F0A-D06834C2FF38}.Debug|x64.Build.0 = Debug|x64
		{2E6222FE-3DD1-4ABC-9F0A-D06834C2FF38}.Debug|x86.ActiveCfg = Debug|Win32
		{2E6222FE-3DD1-4ABC-9F0A-D06834C2FF38}.Debug|x86.Build.0 = Debug|Win32
		{2E6222FE-3DD1-4ABC-9F0A-D06834C2FF38}.Release|x64.ActiveCfg = Release|x64
		{2E6222FE-3DD1-4ABC-9F0A-D06834C2FF38}.Release|x64.Build.0 = Release|x64
		{2E6222FE-3DD1-4ABC-9F0A-D06834C2FF38}.Release|x86.ActiveCfg = Release|Win32
		{2E6222FE-3DD1-4ABC-9F0A-D06834C2FF38}.Release|x86.Build.0 = Release|Win32
		{E1F3E183-7E4F-4BE9-9804-F622CE5C8D21}.Debug|x64.ActiveCfg = Debug|x64
		{E1F3E183-7E4F-4BE9-9804-F622CE5C8D21}.Debug|x64.Build.0 = Debug|x64
		{E1F3E183-7E4F-4BE9-9804-F622CE5C8D21}.Debug|x86.ActiveCfg = Debug|Win32
		{E1F3E183-7E4F-4BE9-9804-F622CE5C8D21}.Debug|x86.Build.0 = Debug|Win32
		{E1F3E183-7E4F-4BE9-9804-F622CE5C8D21}.Release|x64.ActiveCfg = Release|x64
		{E1F3E183-7E4F-4BE9-9804-F622CE5C8D21}.Release|x64.Build.0 = Release|x64
		{E1F3E183-7E4F-4BE9-9804-F622CE5C8D21}.Release|x86.ActiveCfg = Release|Win32
		{E1F3E183-7E4F-4BE9-9804-F622CE5C8D21}.Release|x86.Build.0 = Release|Win32
		{9A0D79FF-4D15-4A73-83E6-A920B1C4AFED}.Debug|x64.ActiveCfg = Debug|x64
		{9A0D79FF-4D15-4A73-83E6-A920B1C4AFED}.Debug|x64.Build.0 = Debug|x64
		{9A0D79FF-4D15-4A73-83E6-A920B1C4AFED}.Debug|x86.ActiveCfg = Debug|Win32
		{9A0D79FF-4D15-4A73-83E6-A920B1C4AFED}.Debug|x86.Build.0 = Debug|Win32
		{9A0D79FF-4D15-4A73-83E6-A920B1C4AFED}.Release|x64.ActiveCfg = Release|x64
		{9A0D79FF-4D15-4A73-83E6-A920B1C4AFED}.Release|x64.Build.0 = Release|x64
		{9A0D79FF-4D15-4A73-83E6-A920B1C4AFED}.Release|x86.ActiveCfg = Release|Win32
		{9A0D79FF-4D15-4A73-83E6-A920B1C4AFED}.Release|x86.Build.0 = Release|Win32
		{7BB6E3AD-FABF-4188-8D2B-A515BE7EE9E7}.Debug|x64.ActiveCfg = Debug|x64
		{7BB6E3AD-FABF-4188-8D2B-A515BE7EE9E7}.Debug|x64.Build.0 = Debug|x64
		{7BB6E3AD-FABF-4188-8D2B-A515BE7EE9E7}.Debug|x86.ActiveCfg = Debug|Win32
		{7BB6E3AD-FABF-4188-8D2B-A515BE7EE9E7}.Debug|x86.Build.0 = Debug|Win32
		{7BB6E3AD-FABF-4188-8D2B-A515BE7EE9E7}.Release|x64.ActiveCfg = Release|x64
		{7BB6E3AD-FABF-4188-8D2B-A515BE7EE9E7}.Release|x64.Build.0 = Release|x64
		{7BB6E3AD-FABF-4188-8D2B-A515BE7EE9E7}.Release|x86.ActiveCfg = Release|Win32
		{7BB6E3AD-FABF-4188-8D2B-A515BE7EE9E7}.Release|x86.Build.0 = Release|Win32
		{F4F62661-41AC-4501-894B-480101C2FC30}.Debug|x64.ActiveCfg = Debug|x64
		{F4F62661-41AC-4501-894B-480101C2FC30}.Debug|x64.Build.0 = Debug|x64
		{F4F62661-41AC-4501-894B-480101C2FC30}.Debug|x86.ActiveCfg = Debug|Win32
		{F4F62661-41AC-4501-894B-480101C2FC30}.Debug|x86.Build.0 = Debug|Win32
		{F4F62661-41AC-4501-894B-480101C2FC30}.Release|x64.ActiveCfg = Release|x64
		{F4F62661-41AC-4501-894B-480101C2FC30}.Release|x64.Build.0 = Release|x64
		{F4F62661-41AC-4501-894B-480101C2FC30}.Release|x86.ActiveCfg = Release|Win32
		{F4F62661-41AC-4501-894B-480101C2FC30}.Release|x86.Build.0 = Release|Win32
		{A844F69E-9767-4639-9467-4DFC6FD4FE57}.Debug|x64.ActiveCfg = Debug|x64
		{A844F69E-9767-4639-9467-4DFC6FD4FE57}.Debug|x64.Build.0 = Debug|x64
		{A844F69E-9767-4639-9467-4DFC6FD4FE57}.Debug|x86.ActiveCfg = Debug|Win32
		{A844F69E-9767-4639-9467-4DFC6FD4FE57}.Debug|x86.Build.0 = Debug|Win32
		{A844F69E-9767-4639-9467-4DFC6FD4FE57}.Release|x64.ActiveCfg = Release|x64
		{A844F69E-9767-4639-9467-4DFC6FD4FE57}.Release|x64.Build.0 = Release|x64
		{A844F69E-9767-4639-9467-4DFC6FD4FE57}.Release|x86.ActiveCfg = Release|Win32
		{A844F69E-9767-4639-9467-4DFC6FD4FE57}.Release|x86.Build.0 = Release|Win32
		{E3D0B6E2-4152-4D3C-B814-A1AE751DA50B}.Debug|x64.ActiveCfg = Debug|x64
		{E3D0B6E2-4152-4D3C-B814-A1AE751DA50B}.Debug|x64.Build.0 = Debug|x64
		{E3D0B6E2-4152-4D3C-B814-A1AE751DA50B}.Debug|x86.ActiveCfg = Debug|Win32
		{E3D0B6E2-4152-4D3C-B814-A1AE751DA50B}.Debug|x86.Build.0 = Debug|Win32
		{E3D0B6E2-4152-4D3C-B814-A1AE751DA50B}.Release|x64.ActiveCfg = Release|x64
		{E3D0B6E2-4152-4D3C-B814-A1AE751DA50B}.Release|x64.Build.0 = Release|x64
		{E3D0B6E2-4152-4D3C-B814-A1AE751DA50B}.Release|x86.ActiveCfg = Release|Win32
		{E3D0B6E2-4152-4D3C-B814-A1AE751DA50B}.Release|x86.Build.0 = Release|Win32
	EndGlobalSection
	GlobalSection(SolutionProperties) = preSolution
		HideSolutionNode = FALSE
	EndGlobalSection
	GlobalSection(ExtensibilityGlobals) = postSolution
		SolutionGuid = {CA396791-AE07-42F3-92FB-1E3406B31DD4}
	EndGlobalSection
EndGlobal
