
Microsoft Visual Studio Solution File, Format Version 12.00
# Visual Studio 15
VisualStudioVersion = 15.0.27004.2006
MinimumVisualStudioVersion = 10.0.40219.1
Project("{8BC9CEB8-8B4A-11D0-8D11-00A0C91BC942}") = "cam_calibration", "cam_calibration\cam_calibration.vcxproj", "{505F71AB-9F1F-450F-8918-8D693E66E507}"
EndProject
Global
	GlobalSection(SolutionConfigurationPlatforms) = preSolution
		Debug|x64 = Debug|x64
		Debug|x86 = Debug|x86
		Release|x64 = Release|x64
		Release|x86 = Release|x86
	EndGlobalSection
	GlobalSection(ProjectConfigurationPlatforms) = postSolution
		{505F71AB-9F1F-450F-8918-8D693E66E507}.Debug|x64.ActiveCfg = Debug|x64
		{505F71AB-9F1F-450F-8918-8D693E66E507}.Debug|x64.Build.0 = Debug|x64
		{505F71AB-9F1F-450F-8918-8D693E66E507}.Debug|x86.ActiveCfg = Debug|Win32
		{505F71AB-9F1F-450F-8918-8D693E66E507}.Debug|x86.Build.0 = Debug|Win32
		{505F71AB-9F1F-450F-8918-8D693E66E507}.Release|x64.ActiveCfg = Release|x64
		{505F71AB-9F1F-450F-8918-8D693E66E507}.Release|x64.Build.0 = Release|x64
		{505F71AB-9F1F-450F-8918-8D693E66E507}.Release|x86.ActiveCfg = Release|Win32
		{505F71AB-9F1F-450F-8918-8D693E66E507}.Release|x86.Build.0 = Release|Win32
	EndGlobalSection
	GlobalSection(SolutionProperties) = preSolution
		HideSolutionNode = FALSE
	EndGlobalSection
	GlobalSection(ExtensibilityGlobals) = postSolution
		SolutionGuid = {54C3B81A-3F87-499F-AF55-87B458315504}
	EndGlobalSection
EndGlobal
